{
  "requires": true,
  "lockfileVersion": 1,
  "dependencies": {
    "bullet-train-client": {
      "version": "0.0.42",
      "resolved": "https://registry.npmjs.org/bullet-train-client/-/bullet-train-client-0.0.42.tgz",
      "integrity": "sha512-mpI+XUyxVDwt3bzofTOmSPI64Snx0GODBRNRzJc11yfYWy6A3nIvS+uezOPP7sz06qm3lJjeTHjEw3J1aSGnAw=="
    }
  }
}
